
Microsoft Visual Studio Solution File, Format Version 12.00
# Visual Studio 15
VisualStudioVersion = 15.0.27428.2037
MinimumVisualStudioVersion = 10.0.40219.1
Project("{9A19103F-16F7-4668-BE54-9A1E7A4F7556}") = "myFirstAngular", "myFirstAngular.csproj", "{6C831BB5-4B14-4B7E-B59D-F69DF923995F}"
EndProject
Global
	GlobalSection(SolutionConfigurationPlatforms) = preSolution
		Debug|Any CPU = Debug|Any CPU
		Release|Any CPU = Release|Any CPU
	EndGlobalSection
	GlobalSection(ProjectConfigurationPlatforms) = postSolution
		{6C831BB5-4B14-4B7E-B59D-F69DF923995F}.Debug|Any CPU.ActiveCfg = Debug|Any CPU
		{6C831BB5-4B14-4B7E-B59D-F69DF923995F}.Debug|Any CPU.Build.0 = Debug|Any CPU
		{6C831BB5-4B14-4B7E-B59D-F69DF923995F}.Release|Any CPU.ActiveCfg = Release|Any CPU
		{6C831BB5-4B14-4B7E-B59D-F69DF923995F}.Release|Any CPU.Build.0 = Release|Any CPU
	EndGlobalSection
	GlobalSection(SolutionProperties) = preSolution
		HideSolutionNode = FALSE
	EndGlobalSection
	GlobalSection(ExtensibilityGlobals) = postSolution
		SolutionGuid = {BF598384-2784-41ED-BE36-3E064AFBB3F7}
	EndGlobalSection
EndGlobal
